
Microsoft Visual Studio Solution File, Format Version 12.00
Project("{2150E333-8FDC-42A3-9474-1A3956D46DE8}") = "1 Normal Api", "1 Normal Api", "{9E57FD09-0104-45B2-A9BC-9496F1370C48}"
EndProject
Project("{FAE04EC0-301F-11D3-BF4B-00C04F79EFBC}") = "Mediator7Default", "Mediator7Default\Mediator7Default.csproj", "{9728ADAC-51AF-4DE8-87FC-1816249C905D}"
EndProject
Project("{2150E333-8FDC-42A3-9474-1A3956D46DE8}") = "2 Simple", "2 Simple", "{C7252C88-FD60-4218-A395-5A4998A80623}"
EndProject
Project("{FAE04EC0-301F-11D3-BF4B-00C04F79EFBC}") = "Mediator7Simple1", "Mediator7Simple1\Mediator7Simple1.csproj", "{0A5B8C42-41BF-43A4-BFDD-DD3119D9CCF3}"
EndProject
Project("{FAE04EC0-301F-11D3-BF4B-00C04F79EFBC}") = "Mediator7Simple2", "Mediator7Simple2\Mediator7Simple2.csproj", "{306913B1-A00B-4D0E-B92E-43D36E583E33}"
EndProject
Project("{2150E333-8FDC-42A3-9474-1A3956D46DE8}") = "3 Pipelines", "3 Pipelines", "{A0D1DE25-3716-4DD4-8F4D-02D02AB38B36}"
EndProject
Project("{FAE04EC0-301F-11D3-BF4B-00C04F79EFBC}") = "Mediator7Behaviour", "Mediator7Behaviour\Mediator7Behaviour.csproj", "{FEB9C6B5-E9CC-48EF-B72E-CADED8C2B6EF}"
EndProject
Project("{2150E333-8FDC-42A3-9474-1A3956D46DE8}") = "4 Hangfire", "4 Hangfire", "{17C121DE-3FF9-4A48-8FDD-22BEE9340160}"
EndProject
Project("{FAE04EC0-301F-11D3-BF4B-00C04F79EFBC}") = "Mediator7Hangfire", "Mediator7Hangfire\Mediator7Hangfire.csproj", "{57DD7836-B06D-4910-8012-20E74D207985}"
EndProject
Global
	GlobalSection(SolutionConfigurationPlatforms) = preSolution
		Debug|Any CPU = Debug|Any CPU
		Release|Any CPU = Release|Any CPU
	EndGlobalSection
	GlobalSection(ProjectConfigurationPlatforms) = postSolution
		{9728ADAC-51AF-4DE8-87FC-1816249C905D}.Debug|Any CPU.ActiveCfg = Debug|Any CPU
		{9728ADAC-51AF-4DE8-87FC-1816249C905D}.Debug|Any CPU.Build.0 = Debug|Any CPU
		{9728ADAC-51AF-4DE8-87FC-1816249C905D}.Release|Any CPU.ActiveCfg = Release|Any CPU
		{9728ADAC-51AF-4DE8-87FC-1816249C905D}.Release|Any CPU.Build.0 = Release|Any CPU
		{0A5B8C42-41BF-43A4-BFDD-DD3119D9CCF3}.Debug|Any CPU.ActiveCfg = Debug|Any CPU
		{0A5B8C42-41BF-43A4-BFDD-DD3119D9CCF3}.Debug|Any CPU.Build.0 = Debug|Any CPU
		{0A5B8C42-41BF-43A4-BFDD-DD3119D9CCF3}.Release|Any CPU.ActiveCfg = Release|Any CPU
		{0A5B8C42-41BF-43A4-BFDD-DD3119D9CCF3}.Release|Any CPU.Build.0 = Release|Any CPU
		{306913B1-A00B-4D0E-B92E-43D36E583E33}.Debug|Any CPU.ActiveCfg = Debug|Any CPU
		{306913B1-A00B-4D0E-B92E-43D36E583E33}.Debug|Any CPU.Build.0 = Debug|Any CPU
		{306913B1-A00B-4D0E-B92E-43D36E583E33}.Release|Any CPU.ActiveCfg = Release|Any CPU
		{306913B1-A00B-4D0E-B92E-43D36E583E33}.Release|Any CPU.Build.0 = Release|Any CPU
		{FEB9C6B5-E9CC-48EF-B72E-CADED8C2B6EF}.Debug|Any CPU.ActiveCfg = Debug|Any CPU
		{FEB9C6B5-E9CC-48EF-B72E-CADED8C2B6EF}.Debug|Any CPU.Build.0 = Debug|Any CPU
		{FEB9C6B5-E9CC-48EF-B72E-CADED8C2B6EF}.Release|Any CPU.ActiveCfg = Release|Any CPU
		{FEB9C6B5-E9CC-48EF-B72E-CADED8C2B6EF}.Release|Any CPU.Build.0 = Release|Any CPU
		{57DD7836-B06D-4910-8012-20E74D207985}.Debug|Any CPU.ActiveCfg = Debug|Any CPU
		{57DD7836-B06D-4910-8012-20E74D207985}.Debug|Any CPU.Build.0 = Debug|Any CPU
		{57DD7836-B06D-4910-8012-20E74D207985}.Release|Any CPU.ActiveCfg = Release|Any CPU
		{57DD7836-B06D-4910-8012-20E74D207985}.Release|Any CPU.Build.0 = Release|Any CPU
	EndGlobalSection
	GlobalSection(NestedProjects) = preSolution
		{9728ADAC-51AF-4DE8-87FC-1816249C905D} = {9E57FD09-0104-45B2-A9BC-9496F1370C48}
		{0A5B8C42-41BF-43A4-BFDD-DD3119D9CCF3} = {C7252C88-FD60-4218-A395-5A4998A80623}
		{306913B1-A00B-4D0E-B92E-43D36E583E33} = {C7252C88-FD60-4218-A395-5A4998A80623}
		{FEB9C6B5-E9CC-48EF-B72E-CADED8C2B6EF} = {A0D1DE25-3716-4DD4-8F4D-02D02AB38B36}
		{57DD7836-B06D-4910-8012-20E74D207985} = {17C121DE-3FF9-4A48-8FDD-22BEE9340160}
	EndGlobalSection
EndGlobal
